
Microsoft Visual Studio Solution File, Format Version 12.00
# Visual Studio Version 17
VisualStudioVersion = 17.0.31903.59
MinimumVisualStudioVersion = 10.0.40219.1
Project("{2150E333-8FDC-42A3-9474-1A3956D46DE8}") = "src", "src", "{827E0CD3-B72D-47B6-A68D-7590B98EB39B}"
EndProject
Project("{FAE04EC0-301F-11D3-BF4B-00C04F79EFBC}") = "QuantLibCSharp", "src\QuantLibCSharp\QuantLibCSharp.csproj", "{E670A703-49E5-40CB-BC11-F5EB8A5A8ECA}"
EndProject
Project("{2150E333-8FDC-42A3-9474-1A3956D46DE8}") = "tests", "tests", "{0AB3BF05-4346-4AA6-1389-037BE0695223}"
EndProject
Project("{FAE04EC0-301F-11D3-BF4B-00C04F79EFBC}") = "QuantLibCSharp.UnitTests", "tests\QuantLibCSharp.UnitTests\QuantLibCSharp.UnitTests.csproj", "{A183F76A-DDE1-4D21-B9B8-4BD07451D90A}"
EndProject
Project("{FAE04EC0-301F-11D3-BF4B-00C04F79EFBC}") = "QuantLibCSharp.IntegrationTests", "tests\QuantLibCSharp.IntegrationTests\QuantLibCSharp.IntegrationTests.csproj", "{B28FDE57-9B3A-42A7-A259-768AFDCCD91A}"
EndProject
Global
	GlobalSection(SolutionConfigurationPlatforms) = preSolution
		Debug|Any CPU = Debug|Any CPU
		Debug|x64 = Debug|x64
		Debug|x86 = Debug|x86
		Release|Any CPU = Release|Any CPU
		Release|x64 = Release|x64
		Release|x86 = Release|x86
	EndGlobalSection
	GlobalSection(ProjectConfigurationPlatforms) = postSolution
		{E670A703-49E5-40CB-BC11-F5EB8A5A8ECA}.Debug|Any CPU.ActiveCfg = Debug|Any CPU
		{E670A703-49E5-40CB-BC11-F5EB8A5A8ECA}.Debug|Any CPU.Build.0 = Debug|Any CPU
		{E670A703-49E5-40CB-BC11-F5EB8A5A8ECA}.Debug|x64.ActiveCfg = Debug|Any CPU
		{E670A703-49E5-40CB-BC11-F5EB8A5A8ECA}.Debug|x64.Build.0 = Debug|Any CPU
		{E670A703-49E5-40CB-BC11-F5EB8A5A8ECA}.Debug|x86.ActiveCfg = Debug|Any CPU
		{E670A703-49E5-40CB-BC11-F5EB8A5A8ECA}.Debug|x86.Build.0 = Debug|Any CPU
		{E670A703-49E5-40CB-BC11-F5EB8A5A8ECA}.Release|Any CPU.ActiveCfg = Release|Any CPU
		{E670A703-49E5-40CB-BC11-F5EB8A5A8ECA}.Release|Any CPU.Build.0 = Release|Any CPU
		{E670A703-49E5-40CB-BC11-F5EB8A5A8ECA}.Release|x64.ActiveCfg = Release|Any CPU
		{E670A703-49E5-40CB-BC11-F5EB8A5A8ECA}.Release|x64.Build.0 = Release|Any CPU
		{E670A703-49E5-40CB-BC11-F5EB8A5A8ECA}.Release|x86.ActiveCfg = Release|Any CPU
		{E670A703-49E5-40CB-BC11-F5EB8A5A8ECA}.Release|x86.Build.0 = Release|Any CPU
		{A183F76A-DDE1-4D21-B9B8-4BD07451D90A}.Debug|Any CPU.ActiveCfg = Debug|Any CPU
		{A183F76A-DDE1-4D21-B9B8-4BD07451D90A}.Debug|Any CPU.Build.0 = Debug|Any CPU
		{A183F76A-DDE1-4D21-B9B8-4BD07451D90A}.Debug|x64.ActiveCfg = Debug|Any CPU
		{A183F76A-DDE1-4D21-B9B8-4BD07451D90A}.Debug|x64.Build.0 = Debug|Any CPU
		{A183F76A-DDE1-4D21-B9B8-4BD07451D90A}.Debug|x86.ActiveCfg = Debug|Any CPU
		{A183F76A-DDE1-4D21-B9B8-4BD07451D90A}.Debug|x86.Build.0 = Debug|Any CPU
		{A183F76A-DDE1-4D21-B9B8-4BD07451D90A}.Release|Any CPU.ActiveCfg = Release|Any CPU
		{A183F76A-DDE1-4D21-B9B8-4BD07451D90A}.Release|Any CPU.Build.0 = Release|Any CPU
		{A183F76A-DDE1-4D21-B9B8-4BD07451D90A}.Release|x64.ActiveCfg = Release|Any CPU
		{A183F76A-DDE1-4D21-B9B8-4BD07451D90A}.Release|x64.Build.0 = Release|Any CPU
		{A183F76A-DDE1-4D21-B9B8-4BD07451D90A}.Release|x86.ActiveCfg = Release|Any CPU
		{A183F76A-DDE1-4D21-B9B8-4BD07451D90A}.Release|x86.Build.0 = Release|Any CPU
		{B28FDE57-9B3A-42A7-A259-768AFDCCD91A}.Debug|Any CPU.ActiveCfg = Debug|Any CPU
		{B28FDE57-9B3A-42A7-A259-768AFDCCD91A}.Debug|Any CPU.Build.0 = Debug|Any CPU
		{B28FDE57-9B3A-42A7-A259-768AFDCCD91A}.Debug|x64.ActiveCfg = Debug|Any CPU
		{B28FDE57-9B3A-42A7-A259-768AFDCCD91A}.Debug|x64.Build.0 = Debug|Any CPU
		{B28FDE57-9B3A-42A7-A259-768AFDCCD91A}.Debug|x86.ActiveCfg = Debug|Any CPU
		{B28FDE57-9B3A-42A7-A259-768AFDCCD91A}.Debug|x86.Build.0 = Debug|Any CPU
		{B28FDE57-9B3A-42A7-A259-768AFDCCD91A}.Release|Any CPU.ActiveCfg = Release|Any CPU
		{B28FDE57-9B3A-42A7-A259-768AFDCCD91A}.Release|Any CPU.Build.0 = Release|Any CPU
		{B28FDE57-9B3A-42A7-A259-768AFDCCD91A}.Release|x64.ActiveCfg = Release|Any CPU
		{B28FDE57-9B3A-42A7-A259-768AFDCCD91A}.Release|x64.Build.0 = Release|Any CPU
		{B28FDE57-9B3A-42A7-A259-768AFDCCD91A}.Release|x86.ActiveCfg = Release|Any CPU
		{B28FDE57-9B3A-42A7-A259-768AFDCCD91A}.Release|x86.Build.0 = Release|Any CPU
	EndGlobalSection
	GlobalSection(SolutionProperties) = preSolution
		HideSolutionNode = FALSE
	EndGlobalSection
	GlobalSection(NestedProjects) = preSolution
		{E670A703-49E5-40CB-BC11-F5EB8A5A8ECA} = {827E0CD3-B72D-47B6-A68D-7590B98EB39B}
		{A183F76A-DDE1-4D21-B9B8-4BD07451D90A} = {0AB3BF05-4346-4AA6-1389-037BE0695223}
		{B28FDE57-9B3A-42A7-A259-768AFDCCD91A} = {0AB3BF05-4346-4AA6-1389-037BE0695223}
	EndGlobalSection
EndGlobal
